
Microsoft Visual Studio Solution File, Format Version 12.00
# Visual Studio Version 16
VisualStudioVersion = 16.0.29920.165
MinimumVisualStudioVersion = 10.0.40219.1
Project("{FAE04EC0-301F-11D3-BF4B-00C04F79EFBC}") = "WND", "WND\WND.csproj", "{A30F4904-2178-4A28-8356-434A0A916549}"
EndProject
Global
	GlobalSection(SolutionConfigurationPlatforms) = preSolution
		Debug|Any CPU = Debug|Any CPU
		Release|Any CPU = Release|Any CPU
	EndGlobalSection
	GlobalSection(ProjectConfigurationPlatforms) = postSolution
		{A30F4904-2178-4A28-8356-434A0A916549}.Debug|Any CPU.ActiveCfg = Debug|Any CPU
		{A30F4904-2178-4A28-8356-434A0A916549}.Debug|Any CPU.Build.0 = Debug|Any CPU
		{A30F4904-2178-4A28-8356-434A0A916549}.Release|Any CPU.ActiveCfg = Release|Any CPU
		{A30F4904-2178-4A28-8356-434A0A916549}.Release|Any CPU.Build.0 = Release|Any CPU
	EndGlobalSection
	GlobalSection(SolutionProperties) = preSolution
		HideSolutionNode = FALSE
	EndGlobalSection
	GlobalSection(ExtensibilityGlobals) = postSolution
		SolutionGuid = {31F99635-F696-4B62-9C14-8E33705B1924}
	EndGlobalSection
EndGlobal
