
Microsoft Visual Studio Solution File, Format Version 12.00
# Visual Studio Version 16
VisualStudioVersion = 16.0.29920.165
MinimumVisualStudioVersion = 10.0.40219.1
Project("{FAE04EC0-301F-11D3-BF4B-00C04F79EFBC}") = "WND", "WND\WND.csproj", "{A30F4904-2178-4A28-8356-434A0A916549}"
EndProject
Project("{9A19103F-16F7-4668-BE54-9A1E7A4F7556}") = "BaseFormLibrary", "BaseFormLibrary\BaseFormLibrary.csproj", "{D5D0A9C6-7A2F-4987-BF06-BC8109003289}"
EndProject
Project("{FAE04EC0-301F-11D3-BF4B-00C04F79EFBC}") = "Models", "Models\Models.csproj", "{E9A1CEC7-8A2C-47BA-A1E2-8A3631940412}"
EndProject
Project("{FAE04EC0-301F-11D3-BF4B-00C04F79EFBC}") = "Utility", "Utility\Utility.csproj", "{DABF2AFA-D7AF-4986-9AA2-383E26298018}"
EndProject
Global
	GlobalSection(SolutionConfigurationPlatforms) = preSolution
		Debug|Any CPU = Debug|Any CPU
		Release|Any CPU = Release|Any CPU
	EndGlobalSection
	GlobalSection(ProjectConfigurationPlatforms) = postSolution
		{A30F4904-2178-4A28-8356-434A0A916549}.Debug|Any CPU.ActiveCfg = Debug|Any CPU
		{A30F4904-2178-4A28-8356-434A0A916549}.Debug|Any CPU.Build.0 = Debug|Any CPU
		{A30F4904-2178-4A28-8356-434A0A916549}.Release|Any CPU.ActiveCfg = Release|Any CPU
		{A30F4904-2178-4A28-8356-434A0A916549}.Release|Any CPU.Build.0 = Release|Any CPU
		{D5D0A9C6-7A2F-4987-BF06-BC8109003289}.Debug|Any CPU.ActiveCfg = Debug|Any CPU
		{D5D0A9C6-7A2F-4987-BF06-BC8109003289}.Debug|Any CPU.Build.0 = Debug|Any CPU
		{D5D0A9C6-7A2F-4987-BF06-BC8109003289}.Release|Any CPU.ActiveCfg = Release|Any CPU
		{D5D0A9C6-7A2F-4987-BF06-BC8109003289}.Release|Any CPU.Build.0 = Release|Any CPU
		{E9A1CEC7-8A2C-47BA-A1E2-8A3631940412}.Debug|Any CPU.ActiveCfg = Debug|Any CPU
		{E9A1CEC7-8A2C-47BA-A1E2-8A3631940412}.Debug|Any CPU.Build.0 = Debug|Any CPU
		{E9A1CEC7-8A2C-47BA-A1E2-8A3631940412}.Release|Any CPU.ActiveCfg = Release|Any CPU
		{E9A1CEC7-8A2C-47BA-A1E2-8A3631940412}.Release|Any CPU.Build.0 = Release|Any CPU
		{DABF2AFA-D7AF-4986-9AA2-383E26298018}.Debug|Any CPU.ActiveCfg = Debug|Any CPU
		{DABF2AFA-D7AF-4986-9AA2-383E26298018}.Debug|Any CPU.Build.0 = Debug|Any CPU
		{DABF2AFA-D7AF-4986-9AA2-383E26298018}.Release|Any CPU.ActiveCfg = Release|Any CPU
		{DABF2AFA-D7AF-4986-9AA2-383E26298018}.Release|Any CPU.Build.0 = Release|Any CPU
	EndGlobalSection
	GlobalSection(SolutionProperties) = preSolution
		HideSolutionNode = FALSE
	EndGlobalSection
	GlobalSection(ExtensibilityGlobals) = postSolution
		SolutionGuid = {31F99635-F696-4B62-9C14-8E33705B1924}
	EndGlobalSection
EndGlobal
